
Microsoft Visual Studio Solution File, Format Version 12.00
# Visual Studio 14
VisualStudioVersion = 14.0.24720.0
MinimumVisualStudioVersion = 10.0.40219.1
Project("{FAE04EC0-301F-11D3-BF4B-00C04F79EFBC}") = "UnityCloudBuildApi", "UnityCloudBuildApi\UnityCloudBuildApi.csproj", "{3325679C-81B6-42D9-91D3-789354195716}"
EndProject
Project("{FAE04EC0-301F-11D3-BF4B-00C04F79EFBC}") = "Sample", "Sample\Sample.csproj", "{7163CE8C-1B1E-4949-9963-0DB5D6559E89}"
EndProject
Global
	GlobalSection(SolutionConfigurationPlatforms) = preSolution
		Debug|Any CPU = Debug|Any CPU
		Release|Any CPU = Release|Any CPU
	EndGlobalSection
	GlobalSection(ProjectConfigurationPlatforms) = postSolution
		{3325679C-81B6-42D9-91D3-789354195716}.Debug|Any CPU.ActiveCfg = Debug|Any CPU
		{3325679C-81B6-42D9-91D3-789354195716}.Debug|Any CPU.Build.0 = Debug|Any CPU
		{3325679C-81B6-42D9-91D3-789354195716}.Release|Any CPU.ActiveCfg = Release|Any CPU
		{3325679C-81B6-42D9-91D3-789354195716}.Release|Any CPU.Build.0 = Release|Any CPU
		{7163CE8C-1B1E-4949-9963-0DB5D6559E89}.Debug|Any CPU.ActiveCfg = Debug|Any CPU
		{7163CE8C-1B1E-4949-9963-0DB5D6559E89}.Debug|Any CPU.Build.0 = Debug|Any CPU
		{7163CE8C-1B1E-4949-9963-0DB5D6559E89}.Release|Any CPU.ActiveCfg = Release|Any CPU
		{7163CE8C-1B1E-4949-9963-0DB5D6559E89}.Release|Any CPU.Build.0 = Release|Any CPU
	EndGlobalSection
	GlobalSection(SolutionProperties) = preSolution
		HideSolutionNode = FALSE
	EndGlobalSection
EndGlobal
